{
  "name": "NotionToMarkdown",
  "version": "1.0.0",
  "lockfileVersion": 1,
  "requires": true,
  "dependencies": {
    "child_process": {
      "version": "1.0.2",
      "resolved": "https://registry.npmjs.org/child_process/-/child_process-1.0.2.tgz",
      "integrity": "sha1-sffn/HPSXn/R1FWtyU4UODAYK1o="
    },
    "dotenv": {
      "version": "9.0.2",
      "resolved": "https://registry.npmjs.org/dotenv/-/dotenv-9.0.2.tgz",
      "integrity": "sha512-I9OvvrHp4pIARv4+x9iuewrWycX6CcZtoAu1XrzPxc5UygMJXJZYmBsynku8IkrJwgypE5DGNjDPmPRhDCptUg=="
    }
  }
}
